// !$*UTF8*$!
{
	archiveVersion = 1;
	classes = {
	};
	objectVersion = 46;
	objects = {

/* Begin PBXBuildFile section */
		664C5FC4153F765B00699F4A /* UIKit.framework in Frameworks */ = {isa = PBXBuildFile; fileRef = 664C5FC3153F765B00699F4A /* UIKit.framework */; };
		664C5FC6153F765B00699F4A /* Foundation.framework in Frameworks */ = {isa = PBXBuildFile; fileRef = 664C5FC5153F765B00699F4A /* Foundation.framework */; };
		664C5FC8153F765B00699F4A /* CoreGraphics.framework in Frameworks */ = {isa = PBXBuildFile; fileRef = 664C5FC7153F765B00699F4A /* CoreGraphics.framework */; };
		664C5FCE153F765B00699F4A /* InfoPlist.strings in Resources */ = {isa = PBXBuildFile; fileRef = 664C5FCC153F765B00699F4A /* InfoPlist.strings */; };
		664C5FD0153F765B00699F4A /* main.m in Sources */ = {isa = PBXBuildFile; fileRef = 664C5FCF153F765B00699F4A /* main.m */; };
		664C5FD4153F765B00699F4A /* AppDelegate.m in Sources */ = {isa = PBXBuildFile; fileRef = 664C5FD3153F765B00699F4A /* AppDelegate.m */; };
		664C5FD7153F765C00699F4A /* SplitFlapViewController.m in Sources */ = {isa = PBXBuildFile; fileRef = 664C5FD6153F765C00699F4A /* SplitFlapViewController.m */; };
		664C5FE7153F7F5500699F4A /* ZMQClient.m in Sources */ = {isa = PBXBuildFile; fileRef = 664C5FE6153F7F5500699F4A /* ZMQClient.m */; };
		664C5FEA153F843E00699F4A /* libzmq.a in Frameworks */ = {isa = PBXBuildFile; fileRef = 664C5FE9153F843E00699F4A /* libzmq.a */; };
		664C6031153F863F00699F4A /* zclock.c in Sources */ = {isa = PBXBuildFile; fileRef = 664C6025153F863F00699F4A /* zclock.c */; };
		664C6032153F863F00699F4A /* zctx.c in Sources */ = {isa = PBXBuildFile; fileRef = 664C6026153F863F00699F4A /* zctx.c */; };
		664C6033153F863F00699F4A /* zfile.c in Sources */ = {isa = PBXBuildFile; fileRef = 664C6027153F863F00699F4A /* zfile.c */; };
		664C6034153F863F00699F4A /* zframe.c in Sources */ = {isa = PBXBuildFile; fileRef = 664C6028153F863F00699F4A /* zframe.c */; };
		664C6035153F863F00699F4A /* zhash.c in Sources */ = {isa = PBXBuildFile; fileRef = 664C6029153F863F00699F4A /* zhash.c */; };
		664C6036153F863F00699F4A /* zlist.c in Sources */ = {isa = PBXBuildFile; fileRef = 664C602A153F863F00699F4A /* zlist.c */; };
		664C6037153F863F00699F4A /* zloop.c in Sources */ = {isa = PBXBuildFile; fileRef = 664C602B153F863F00699F4A /* zloop.c */; };
		664C6038153F863F00699F4A /* zmsg.c in Sources */ = {isa = PBXBuildFile; fileRef = 664C602C153F863F00699F4A /* zmsg.c */; };
		664C6039153F863F00699F4A /* zsocket.c in Sources */ = {isa = PBXBuildFile; fileRef = 664C602D153F863F00699F4A /* zsocket.c */; };
		664C603A153F863F00699F4A /* zsockopt.c in Sources */ = {isa = PBXBuildFile; fileRef = 664C602E153F863F00699F4A /* zsockopt.c */; };
		664C603B153F863F00699F4A /* zstr.c in Sources */ = {isa = PBXBuildFile; fileRef = 664C602F153F863F00699F4A /* zstr.c */; };
		664C603C153F863F00699F4A /* zthread.c in Sources */ = {isa = PBXBuildFile; fileRef = 664C6030153F863F00699F4A /* zthread.c */; };
		664C607C153FAE2B00699F4A /* SplitFlapClient.m in Sources */ = {isa = PBXBuildFile; fileRef = 664C607B153FAE2B00699F4A /* SplitFlapClient.m */; };
		66B151CE1540639E00D13CD3 /* GLKit.framework in Frameworks */ = {isa = PBXBuildFile; fileRef = 66B151CD1540639E00D13CD3 /* GLKit.framework */; };
		66B151D9154065F200D13CD3 /* BitmapFont.plist in Resources */ = {isa = PBXBuildFile; fileRef = 66B151D7154065F200D13CD3 /* BitmapFont.plist */; };
		66B151DA154065F200D13CD3 /* BitmapFont.png in Resources */ = {isa = PBXBuildFile; fileRef = 66B151D8154065F200D13CD3 /* BitmapFont.png */; };
		66B151DD154067D600D13CD3 /* Flap.m in Sources */ = {isa = PBXBuildFile; fileRef = 66B151DC154067D600D13CD3 /* Flap.m */; };
		66B151E0154067F100D13CD3 /* Digit.m in Sources */ = {isa = PBXBuildFile; fileRef = 66B151DF154067F100D13CD3 /* Digit.m */; };
		66B151E3154068BA00D13CD3 /* BitmapFont.m in Sources */ = {isa = PBXBuildFile; fileRef = 66B151E2154068BA00D13CD3 /* BitmapFont.m */; };
		66B151E515406A8C00D13CD3 /* OpenGLES.framework in Frameworks */ = {isa = PBXBuildFile; fileRef = 66B151E415406A8C00D13CD3 /* OpenGLES.framework */; };
/* End PBXBuildFile section */

/* Begin PBXFileReference section */
		664C5FBF153F765B00699F4A /* SplitFlap.app */ = {isa = PBXFileReference; explicitFileType = wrapper.application; includeInIndex = 0; path = SplitFlap.app; sourceTree = BUILT_PRODUCTS_DIR; };
		664C5FC3153F765B00699F4A /* UIKit.framework */ = {isa = PBXFileReference; lastKnownFileType = wrapper.framework; name = UIKit.framework; path = System/Library/Frameworks/UIKit.framework; sourceTree = SDKROOT; };
		664C5FC5153F765B00699F4A /* Foundation.framework */ = {isa = PBXFileReference; lastKnownFileType = wrapper.framework; name = Foundation.framework; path = System/Library/Frameworks/Foundation.framework; sourceTree = SDKROOT; };
		664C5FC7153F765B00699F4A /* CoreGraphics.framework */ = {isa = PBXFileReference; lastKnownFileType = wrapper.framework; name = CoreGraphics.framework; path = System/Library/Frameworks/CoreGraphics.framework; sourceTree = SDKROOT; };
		664C5FCB153F765B00699F4A /* SplitFlap-Info.plist */ = {isa = PBXFileReference; lastKnownFileType = text.plist.xml; path = "SplitFlap-Info.plist"; sourceTree = "<group>"; };
		664C5FCD153F765B00699F4A /* en */ = {isa = PBXFileReference; lastKnownFileType = text.plist.strings; name = en; path = en.lproj/InfoPlist.strings; sourceTree = "<group>"; };
		664C5FCF153F765B00699F4A /* main.m */ = {isa = PBXFileReference; lastKnownFileType = sourcecode.c.objc; path = main.m; sourceTree = "<group>"; };
		664C5FD1153F765B00699F4A /* SplitFlap-Prefix.pch */ = {isa = PBXFileReference; lastKnownFileType = sourcecode.c.h; path = "SplitFlap-Prefix.pch"; sourceTree = "<group>"; };
		664C5FD2153F765B00699F4A /* AppDelegate.h */ = {isa = PBXFileReference; lastKnownFileType = sourcecode.c.h; path = AppDelegate.h; sourceTree = "<group>"; };
		664C5FD3153F765B00699F4A /* AppDelegate.m */ = {isa = PBXFileReference; lastKnownFileType = sourcecode.c.objc; path = AppDelegate.m; sourceTree = "<group>"; };
		664C5FD5153F765B00699F4A /* SplitFlapViewController.h */ = {isa = PBXFileReference; lastKnownFileType = sourcecode.c.h; path = SplitFlapViewController.h; sourceTree = "<group>"; };
		664C5FD6153F765C00699F4A /* SplitFlapViewController.m */ = {isa = PBXFileReference; lastKnownFileType = sourcecode.c.objc; path = SplitFlapViewController.m; sourceTree = "<group>"; };
		664C5FE5153F7F5500699F4A /* ZMQClient.h */ = {isa = PBXFileReference; fileEncoding = 4; lastKnownFileType = sourcecode.c.h; path = ZMQClient.h; sourceTree = "<group>"; };
		664C5FE6153F7F5500699F4A /* ZMQClient.m */ = {isa = PBXFileReference; fileEncoding = 4; lastKnownFileType = sourcecode.c.objc; path = ZMQClient.m; sourceTree = "<group>"; };
		664C5FE9153F843E00699F4A /* libzmq.a */ = {isa = PBXFileReference; lastKnownFileType = archive.ar; name = libzmq.a; path = lib/libzmq.a; sourceTree = "<group>"; };
		664C5FEB153F844800699F4A /* zmq_utils.h */ = {isa = PBXFileReference; fileEncoding = 4; lastKnownFileType = sourcecode.c.h; name = zmq_utils.h; path = include/zmq_utils.h; sourceTree = "<group>"; };
		664C5FEC153F844800699F4A /* zmq.h */ = {isa = PBXFileReference; fileEncoding = 4; lastKnownFileType = sourcecode.c.h; name = zmq.h; path = include/zmq.h; sourceTree = "<group>"; };
		664C5FED153F844800699F4A /* zmq.hpp */ = {isa = PBXFileReference; fileEncoding = 4; lastKnownFileType = sourcecode.cpp.h; name = zmq.hpp; path = include/zmq.hpp; sourceTree = "<group>"; };
		664C6016153F863F00699F4A /* czmq.h */ = {isa = PBXFileReference; fileEncoding = 4; lastKnownFileType = sourcecode.c.h; path = czmq.h; sourceTree = "<group>"; };
		664C6017153F863F00699F4A /* czmq_prelude.h */ = {isa = PBXFileReference; fileEncoding = 4; lastKnownFileType = sourcecode.c.h; path = czmq_prelude.h; sourceTree = "<group>"; };
		664C6018153F863F00699F4A /* zclock.h */ = {isa = PBXFileReference; fileEncoding = 4; lastKnownFileType = sourcecode.c.h; path = zclock.h; sourceTree = "<group>"; };
		664C6019153F863F00699F4A /* zctx.h */ = {isa = PBXFileReference; fileEncoding = 4; lastKnownFileType = sourcecode.c.h; path = zctx.h; sourceTree = "<group>"; };
		664C601A153F863F00699F4A /* zfile.h */ = {isa = PBXFileReference; fileEncoding = 4; lastKnownFileType = sourcecode.c.h; path = zfile.h; sourceTree = "<group>"; };
		664C601B153F863F00699F4A /* zframe.h */ = {isa = PBXFileReference; fileEncoding = 4; lastKnownFileType = sourcecode.c.h; path = zframe.h; sourceTree = "<group>"; };
		664C601C153F863F00699F4A /* zhash.h */ = {isa = PBXFileReference; fileEncoding = 4; lastKnownFileType = sourcecode.c.h; path = zhash.h; sourceTree = "<group>"; };
		664C601D153F863F00699F4A /* zlist.h */ = {isa = PBXFileReference; fileEncoding = 4; lastKnownFileType = sourcecode.c.h; path = zlist.h; sourceTree = "<group>"; };
		664C601E153F863F00699F4A /* zloop.h */ = {isa = PBXFileReference; fileEncoding = 4; lastKnownFileType = sourcecode.c.h; path = zloop.h; sourceTree = "<group>"; };
		664C601F153F863F00699F4A /* zmsg.h */ = {isa = PBXFileReference; fileEncoding = 4; lastKnownFileType = sourcecode.c.h; path = zmsg.h; sourceTree = "<group>"; };
		664C6020153F863F00699F4A /* zsocket.h */ = {isa = PBXFileReference; fileEncoding = 4; lastKnownFileType = sourcecode.c.h; path = zsocket.h; sourceTree = "<group>"; };
		664C6021153F863F00699F4A /* zsockopt.h */ = {isa = PBXFileReference; fileEncoding = 4; lastKnownFileType = sourcecode.c.h; path = zsockopt.h; sourceTree = "<group>"; };
		664C6022153F863F00699F4A /* zstr.h */ = {isa = PBXFileReference; fileEncoding = 4; lastKnownFileType = sourcecode.c.h; path = zstr.h; sourceTree = "<group>"; };
		664C6023153F863F00699F4A /* zthread.h */ = {isa = PBXFileReference; fileEncoding = 4; lastKnownFileType = sourcecode.c.h; path = zthread.h; sourceTree = "<group>"; };
		664C6025153F863F00699F4A /* zclock.c */ = {isa = PBXFileReference; fileEncoding = 4; lastKnownFileType = sourcecode.c.c; path = zclock.c; sourceTree = "<group>"; };
		664C6026153F863F00699F4A /* zctx.c */ = {isa = PBXFileReference; fileEncoding = 4; lastKnownFileType = sourcecode.c.c; path = zctx.c; sourceTree = "<group>"; };
		664C6027153F863F00699F4A /* zfile.c */ = {isa = PBXFileReference; fileEncoding = 4; lastKnownFileType = sourcecode.c.c; path = zfile.c; sourceTree = "<group>"; };
		664C6028153F863F00699F4A /* zframe.c */ = {isa = PBXFileReference; fileEncoding = 4; lastKnownFileType = sourcecode.c.c; path = zframe.c; sourceTree = "<group>"; };
		664C6029153F863F00699F4A /* zhash.c */ = {isa = PBXFileReference; fileEncoding = 4; lastKnownFileType = sourcecode.c.c; path = zhash.c; sourceTree = "<group>"; };
		664C602A153F863F00699F4A /* zlist.c */ = {isa = PBXFileReference; fileEncoding = 4; lastKnownFileType = sourcecode.c.c; path = zlist.c; sourceTree = "<group>"; };
		664C602B153F863F00699F4A /* zloop.c */ = {isa = PBXFileReference; fileEncoding = 4; lastKnownFileType = sourcecode.c.c; path = zloop.c; sourceTree = "<group>"; };
		664C602C153F863F00699F4A /* zmsg.c */ = {isa = PBXFileReference; fileEncoding = 4; lastKnownFileType = sourcecode.c.c; path = zmsg.c; sourceTree = "<group>"; };
		664C602D153F863F00699F4A /* zsocket.c */ = {isa = PBXFileReference; fileEncoding = 4; lastKnownFileType = sourcecode.c.c; path = zsocket.c; sourceTree = "<group>"; };
		664C602E153F863F00699F4A /* zsockopt.c */ = {isa = PBXFileReference; fileEncoding = 4; lastKnownFileType = sourcecode.c.c; path = zsockopt.c; sourceTree = "<group>"; };
		664C602F153F863F00699F4A /* zstr.c */ = {isa = PBXFileReference; fileEncoding = 4; lastKnownFileType = sourcecode.c.c; path = zstr.c; sourceTree = "<group>"; };
		664C6030153F863F00699F4A /* zthread.c */ = {isa = PBXFileReference; fileEncoding = 4; lastKnownFileType = sourcecode.c.c; path = zthread.c; sourceTree = "<group>"; };
		664C607A153FAE2B00699F4A /* SplitFlapClient.h */ = {isa = PBXFileReference; fileEncoding = 4; lastKnownFileType = sourcecode.c.h; path = SplitFlapClient.h; sourceTree = "<group>"; };
		664C607B153FAE2B00699F4A /* SplitFlapClient.m */ = {isa = PBXFileReference; fileEncoding = 4; lastKnownFileType = sourcecode.c.objc; path = SplitFlapClient.m; sourceTree = "<group>"; };
		66B151CD1540639E00D13CD3 /* GLKit.framework */ = {isa = PBXFileReference; lastKnownFileType = wrapper.framework; name = GLKit.framework; path = System/Library/Frameworks/GLKit.framework; sourceTree = SDKROOT; };
		66B151D7154065F200D13CD3 /* BitmapFont.plist */ = {isa = PBXFileReference; fileEncoding = 4; lastKnownFileType = text.plist.xml; path = BitmapFont.plist; sourceTree = "<group>"; };
		66B151D8154065F200D13CD3 /* BitmapFont.png */ = {isa = PBXFileReference; lastKnownFileType = image.png; path = BitmapFont.png; sourceTree = "<group>"; };
		66B151DB154067D600D13CD3 /* Flap.h */ = {isa = PBXFileReference; fileEncoding = 4; lastKnownFileType = sourcecode.c.h; path = Flap.h; sourceTree = "<group>"; };
		66B151DC154067D600D13CD3 /* Flap.m */ = {isa = PBXFileReference; fileEncoding = 4; lastKnownFileType = sourcecode.c.objc; path = Flap.m; sourceTree = "<group>"; };
		66B151DE154067F100D13CD3 /* Digit.h */ = {isa = PBXFileReference; fileEncoding = 4; lastKnownFileType = sourcecode.c.h; path = Digit.h; sourceTree = "<group>"; };
		66B151DF154067F100D13CD3 /* Digit.m */ = {isa = PBXFileReference; fileEncoding = 4; lastKnownFileType = sourcecode.c.objc; path = Digit.m; sourceTree = "<group>"; };
		66B151E1154068BA00D13CD3 /* BitmapFont.h */ = {isa = PBXFileReference; fileEncoding = 4; lastKnownFileType = sourcecode.c.h; path = BitmapFont.h; sourceTree = "<group>"; };
		66B151E2154068BA00D13CD3 /* BitmapFont.m */ = {isa = PBXFileReference; fileEncoding = 4; lastKnownFileType = sourcecode.c.objc; path = BitmapFont.m; sourceTree = "<group>"; };
		66B151E415406A8C00D13CD3 /* OpenGLES.framework */ = {isa = PBXFileReference; lastKnownFileType = wrapper.framework; name = OpenGLES.framework; path = System/Library/Frameworks/OpenGLES.framework; sourceTree = SDKROOT; };
/* End PBXFileReference section */

/* Begin PBXFrameworksBuildPhase section */
		664C5FBC153F765B00699F4A /* Frameworks */ = {
			isa = PBXFrameworksBuildPhase;
			buildActionMask = 2147483647;
			files = (
				66B151E515406A8C00D13CD3 /* OpenGLES.framework in Frameworks */,
				66B151CE1540639E00D13CD3 /* GLKit.framework in Frameworks */,
				664C5FC4153F765B00699F4A /* UIKit.framework in Frameworks */,
				664C5FC6153F765B00699F4A /* Foundation.framework in Frameworks */,
				664C5FC8153F765B00699F4A /* CoreGraphics.framework in Frameworks */,
				664C5FEA153F843E00699F4A /* libzmq.a in Frameworks */,
			);
			runOnlyForDeploymentPostprocessing = 0;
		};
/* End PBXFrameworksBuildPhase section */

/* Begin PBXGroup section */
		664C5FB4153F765B00699F4A = {
			isa = PBXGroup;
			children = (
				664C5FC9153F765B00699F4A /* SplitFlap */,
				664C5FC2153F765B00699F4A /* Frameworks */,
				664C5FC0153F765B00699F4A /* Products */,
			);
			sourceTree = "<group>";
		};
		664C5FC0153F765B00699F4A /* Products */ = {
			isa = PBXGroup;
			children = (
				664C5FBF153F765B00699F4A /* SplitFlap.app */,
			);
			name = Products;
			sourceTree = "<group>";
		};
		664C5FC2153F765B00699F4A /* Frameworks */ = {
			isa = PBXGroup;
			children = (
				66B151E415406A8C00D13CD3 /* OpenGLES.framework */,
				66B151CD1540639E00D13CD3 /* GLKit.framework */,
				664C5FC3153F765B00699F4A /* UIKit.framework */,
				664C5FC5153F765B00699F4A /* Foundation.framework */,
				664C5FC7153F765B00699F4A /* CoreGraphics.framework */,
			);
			name = Frameworks;
			sourceTree = "<group>";
		};
		664C5FC9153F765B00699F4A /* SplitFlap */ = {
			isa = PBXGroup;
			children = (
				66B151CF154063BC00D13CD3 /* ZMQ Client API */,
				66B151D0154063D000D13CD3 /* App */,
				66B151D1154063DC00D13CD3 /* Client UI */,
				66B151D6154065F200D13CD3 /* Images */,
				664C5FCA153F765B00699F4A /* Supporting Files */,
			);
			path = SplitFlap;
			sourceTree = "<group>";
		};
		664C5FCA153F765B00699F4A /* Supporting Files */ = {
			isa = PBXGroup;
			children = (
				664C5FCB153F765B00699F4A /* SplitFlap-Info.plist */,
				664C5FCC153F765B00699F4A /* InfoPlist.strings */,
				664C5FCF153F765B00699F4A /* main.m */,
				664C5FD1153F765B00699F4A /* SplitFlap-Prefix.pch */,
			);
			name = "Supporting Files";
			sourceTree = "<group>";
		};
		664C5FE8153F842D00699F4A /* ZeroMQ */ = {
			isa = PBXGroup;
			children = (
				664C5FEE153F861700699F4A /* czmq */,
				664C5FEB153F844800699F4A /* zmq_utils.h */,
				664C5FEC153F844800699F4A /* zmq.h */,
				664C5FED153F844800699F4A /* zmq.hpp */,
				664C5FE9153F843E00699F4A /* libzmq.a */,
			);
			name = ZeroMQ;
			path = ../ZeroMQ;
			sourceTree = "<group>";
		};
		664C5FEE153F861700699F4A /* czmq */ = {
			isa = PBXGroup;
			children = (
				664C6015153F863F00699F4A /* include */,
				664C6024153F863F00699F4A /* src */,
			);
			path = czmq;
			sourceTree = "<group>";
		};
		664C6015153F863F00699F4A /* include */ = {
			isa = PBXGroup;
			children = (
				664C6016153F863F00699F4A /* czmq.h */,
				664C6017153F863F00699F4A /* czmq_prelude.h */,
				664C6018153F863F00699F4A /* zclock.h */,
				664C6019153F863F00699F4A /* zctx.h */,
				664C601A153F863F00699F4A /* zfile.h */,
				664C601B153F863F00699F4A /* zframe.h */,
				664C601C153F863F00699F4A /* zhash.h */,
				664C601D153F863F00699F4A /* zlist.h */,
				664C601E153F863F00699F4A /* zloop.h */,
				664C601F153F863F00699F4A /* zmsg.h */,
				664C6020153F863F00699F4A /* zsocket.h */,
				664C6021153F863F00699F4A /* zsockopt.h */,
				664C6022153F863F00699F4A /* zstr.h */,
				664C6023153F863F00699F4A /* zthread.h */,
			);
			path = include;
			sourceTree = "<group>";
		};
		664C6024153F863F00699F4A /* src */ = {
			isa = PBXGroup;
			children = (
				664C6025153F863F00699F4A /* zclock.c */,
				664C6026153F863F00699F4A /* zctx.c */,
				664C6027153F863F00699F4A /* zfile.c */,
				664C6028153F863F00699F4A /* zframe.c */,
				664C6029153F863F00699F4A /* zhash.c */,
				664C602A153F863F00699F4A /* zlist.c */,
				664C602B153F863F00699F4A /* zloop.c */,
				664C602C153F863F00699F4A /* zmsg.c */,
				664C602D153F863F00699F4A /* zsocket.c */,
				664C602E153F863F00699F4A /* zsockopt.c */,
				664C602F153F863F00699F4A /* zstr.c */,
				664C6030153F863F00699F4A /* zthread.c */,
			);
			path = src;
			sourceTree = "<group>";
		};
		66B151CF154063BC00D13CD3 /* ZMQ Client API */ = {
			isa = PBXGroup;
			children = (
				664C5FE8153F842D00699F4A /* ZeroMQ */,
				664C607A153FAE2B00699F4A /* SplitFlapClient.h */,
				664C607B153FAE2B00699F4A /* SplitFlapClient.m */,
				664C5FE5153F7F5500699F4A /* ZMQClient.h */,
				664C5FE6153F7F5500699F4A /* ZMQClient.m */,
			);
			name = "ZMQ Client API";
			sourceTree = "<group>";
		};
		66B151D0154063D000D13CD3 /* App */ = {
			isa = PBXGroup;
			children = (
				664C5FD2153F765B00699F4A /* AppDelegate.h */,
				664C5FD3153F765B00699F4A /* AppDelegate.m */,
			);
			name = App;
			sourceTree = "<group>";
		};
		66B151D1154063DC00D13CD3 /* Client UI */ = {
			isa = PBXGroup;
			children = (
				66B151DE154067F100D13CD3 /* Digit.h */,
				66B151DF154067F100D13CD3 /* Digit.m */,
				66B151DB154067D600D13CD3 /* Flap.h */,
				66B151DC154067D600D13CD3 /* Flap.m */,
				66B151E1154068BA00D13CD3 /* BitmapFont.h */,
				66B151E2154068BA00D13CD3 /* BitmapFont.m */,
				664C5FD5153F765B00699F4A /* SplitFlapViewController.h */,
				664C5FD6153F765C00699F4A /* SplitFlapViewController.m */,
			);
			name = "Client UI";
			sourceTree = "<group>";
		};
		66B151D6154065F200D13CD3 /* Images */ = {
			isa = PBXGroup;
			children = (
				66B151D7154065F200D13CD3 /* BitmapFont.plist */,
				66B151D8154065F200D13CD3 /* BitmapFont.png */,
			);
			path = Images;
			sourceTree = SOURCE_ROOT;
		};
/* End PBXGroup section */

/* Begin PBXNativeTarget section */
		664C5FBE153F765B00699F4A /* SplitFlap */ = {
			isa = PBXNativeTarget;
			buildConfigurationList = 664C5FE0153F765C00699F4A /* Build configuration list for PBXNativeTarget "SplitFlap" */;
			buildPhases = (
				664C5FBB153F765B00699F4A /* Sources */,
				664C5FBC153F765B00699F4A /* Frameworks */,
				664C5FBD153F765B00699F4A /* Resources */,
			);
			buildRules = (
			);
			dependencies = (
			);
			name = SplitFlap;
			productName = SplitFlap;
			productReference = 664C5FBF153F765B00699F4A /* SplitFlap.app */;
			productType = "com.apple.product-type.application";
		};
/* End PBXNativeTarget section */

/* Begin PBXProject section */
		664C5FB6153F765B00699F4A /* Project object */ = {
			isa = PBXProject;
			attributes = {
				LastUpgradeCheck = 0430;
				ORGANIZATIONNAME = "Big Nerd Ranch";
			};
			buildConfigurationList = 664C5FB9153F765B00699F4A /* Build configuration list for PBXProject "SplitFlap" */;
			compatibilityVersion = "Xcode 3.2";
			developmentRegion = English;
			hasScannedForEncodings = 0;
			knownRegions = (
				en,
			);
			mainGroup = 664C5FB4153F765B00699F4A;
			productRefGroup = 664C5FC0153F765B00699F4A /* Products */;
			projectDirPath = "";
			projectRoot = "";
			targets = (
				664C5FBE153F765B00699F4A /* SplitFlap */,
			);
		};
/* End PBXProject section */

/* Begin PBXResourcesBuildPhase section */
		664C5FBD153F765B00699F4A /* Resources */ = {
			isa = PBXResourcesBuildPhase;
			buildActionMask = 2147483647;
			files = (
				664C5FCE153F765B00699F4A /* InfoPlist.strings in Resources */,
				66B151D9154065F200D13CD3 /* BitmapFont.plist in Resources */,
				66B151DA154065F200D13CD3 /* BitmapFont.png in Resources */,
			);
			runOnlyForDeploymentPostprocessing = 0;
		};
/* End PBXResourcesBuildPhase section */

/* Begin PBXSourcesBuildPhase section */
		664C5FBB153F765B00699F4A /* Sources */ = {
			isa = PBXSourcesBuildPhase;
			buildActionMask = 2147483647;
			files = (
				664C5FD0153F765B00699F4A /* main.m in Sources */,
				664C5FD4153F765B00699F4A /* AppDelegate.m in Sources */,
				664C5FD7153F765C00699F4A /* SplitFlapViewController.m in Sources */,
				664C5FE7153F7F5500699F4A /* ZMQClient.m in Sources */,
				664C6031153F863F00699F4A /* zclock.c in Sources */,
				664C6032153F863F00699F4A /* zctx.c in Sources */,
				664C6033153F863F00699F4A /* zfile.c in Sources */,
				664C6034153F863F00699F4A /* zframe.c in Sources */,
				664C6035153F863F00699F4A /* zhash.c in Sources */,
				664C6036153F863F00699F4A /* zlist.c in Sources */,
				664C6037153F863F00699F4A /* zloop.c in Sources */,
				664C6038153F863F00699F4A /* zmsg.c in Sources */,
				664C6039153F863F00699F4A /* zsocket.c in Sources */,
				664C603A153F863F00699F4A /* zsockopt.c in Sources */,
				664C603B153F863F00699F4A /* zstr.c in Sources */,
				664C603C153F863F00699F4A /* zthread.c in Sources */,
				664C607C153FAE2B00699F4A /* SplitFlapClient.m in Sources */,
				66B151DD154067D600D13CD3 /* Flap.m in Sources */,
				66B151E0154067F100D13CD3 /* Digit.m in Sources */,
				66B151E3154068BA00D13CD3 /* BitmapFont.m in Sources */,
			);
			runOnlyForDeploymentPostprocessing = 0;
		};
/* End PBXSourcesBuildPhase section */

/* Begin PBXVariantGroup section */
		664C5FCC153F765B00699F4A /* InfoPlist.strings */ = {
			isa = PBXVariantGroup;
			children = (
				664C5FCD153F765B00699F4A /* en */,
			);
			name = InfoPlist.strings;
			sourceTree = "<group>";
		};
/* End PBXVariantGroup section */

/* Begin XCBuildConfiguration section */
		664C5FDE153F765C00699F4A /* Debug */ = {
			isa = XCBuildConfiguration;
			buildSettings = {
				ALWAYS_SEARCH_USER_PATHS = NO;
				ARCHS = "$(ARCHS_STANDARD_32_BIT)";
				CLANG_ENABLE_OBJC_ARC = YES;
				"CODE_SIGN_IDENTITY[sdk=iphoneos*]" = "iPhone Developer";
				COPY_PHASE_STRIP = NO;
				GCC_C_LANGUAGE_STANDARD = gnu99;
				GCC_DYNAMIC_NO_PIC = NO;
				GCC_OPTIMIZATION_LEVEL = 0;
				GCC_PREPROCESSOR_DEFINITIONS = (
					"DEBUG=1",
					"$(inherited)",
				);
				GCC_SYMBOLS_PRIVATE_EXTERN = NO;
				GCC_VERSION = com.apple.compilers.llvm.clang.1_0;
				GCC_WARN_ABOUT_RETURN_TYPE = YES;
				GCC_WARN_UNINITIALIZED_AUTOS = YES;
				GCC_WARN_UNUSED_VARIABLE = YES;
				IPHONEOS_DEPLOYMENT_TARGET = 5.1;
				SDKROOT = iphoneos;
				TARGETED_DEVICE_FAMILY = "1,2";
			};
			name = Debug;
		};
		664C5FDF153F765C00699F4A /* Release */ = {
			isa = XCBuildConfiguration;
			buildSettings = {
				ALWAYS_SEARCH_USER_PATHS = NO;
				ARCHS = "$(ARCHS_STANDARD_32_BIT)";
				CLANG_ENABLE_OBJC_ARC = YES;
				"CODE_SIGN_IDENTITY[sdk=iphoneos*]" = "iPhone Developer";
				COPY_PHASE_STRIP = YES;
				GCC_C_LANGUAGE_STANDARD = gnu99;
				GCC_VERSION = com.apple.compilers.llvm.clang.1_0;
				GCC_WARN_ABOUT_RETURN_TYPE = YES;
				GCC_WARN_UNINITIALIZED_AUTOS = YES;
				GCC_WARN_UNUSED_VARIABLE = YES;
				IPHONEOS_DEPLOYMENT_TARGET = 5.1;
				OTHER_CFLAGS = "-DNS_BLOCK_ASSERTIONS=1";
				SDKROOT = iphoneos;
				TARGETED_DEVICE_FAMILY = "1,2";
				VALIDATE_PRODUCT = YES;
			};
			name = Release;
		};
		664C5FE1153F765C00699F4A /* Debug */ = {
			isa = XCBuildConfiguration;
			buildSettings = {
				GCC_PRECOMPILE_PREFIX_HEADER = YES;
				GCC_PREFIX_HEADER = "SplitFlap/SplitFlap-Prefix.pch";
				HEADER_SEARCH_PATHS = (
					ZeroMQ/include,
					ZeroMQ/czmq/include,
				);
				INFOPLIST_FILE = "SplitFlap/SplitFlap-Info.plist";
				LIBRARY_SEARCH_PATHS = (
					"$(inherited)",
					"\"$(SRCROOT)/..\"",
					"\"$(SRCROOT)/ZeroMQ/lib\"",
				);
				OTHER_LDFLAGS = "-lstdc++";
				PRODUCT_NAME = "$(TARGET_NAME)";
				WRAPPER_EXTENSION = app;
			};
			name = Debug;
		};
		664C5FE2153F765C00699F4A /* Release */ = {
			isa = XCBuildConfiguration;
			buildSettings = {
				GCC_PRECOMPILE_PREFIX_HEADER = YES;
				GCC_PREFIX_HEADER = "SplitFlap/SplitFlap-Prefix.pch";
				HEADER_SEARCH_PATHS = (
					ZeroMQ/include,
					ZeroMQ/czmq/include,
				);
				INFOPLIST_FILE = "SplitFlap/SplitFlap-Info.plist";
				LIBRARY_SEARCH_PATHS = (
					"$(inherited)",
					"\"$(SRCROOT)/..\"",
					"\"$(SRCROOT)/ZeroMQ/lib\"",
				);
				OTHER_LDFLAGS = "-lstdc++";
				PRODUCT_NAME = "$(TARGET_NAME)";
				WRAPPER_EXTENSION = app;
			};
			name = Release;
		};
/* End XCBuildConfiguration section */

/* Begin XCConfigurationList section */
		664C5FB9153F765B00699F4A /* Build configuration list for PBXProject "SplitFlap" */ = {
			isa = XCConfigurationList;
			buildConfigurations = (
				664C5FDE153F765C00699F4A /* Debug */,
				664C5FDF153F765C00699F4A /* Release */,
			);
			defaultConfigurationIsVisible = 0;
			defaultConfigurationName = Release;
		};
		664C5FE0153F765C00699F4A /* Build configuration list for PBXNativeTarget "SplitFlap" */ = {
			isa = XCConfigurationList;
			buildConfigurations = (
				664C5FE1153F765C00699F4A /* Debug */,
				664C5FE2153F765C00699F4A /* Release */,
			);
			defaultConfigurationIsVisible = 0;
			defaultConfigurationName = Release;
		};
/* End XCConfigurationList section */
	};
	rootObject = 664C5FB6153F765B00699F4A /* Project object */;
}
